// !$*UTF8*$!
{
	archiveVersion = 1;
	classes = {
	};
	objectVersion = 46;
	objects = {

/* Begin PBXBuildFile section */
		140EE1A91A18D4CF0041395F /* SKActionEmoticonsKeyboardLayout.m in Sources */ = {isa = PBXBuildFile; fileRef = 140EE1A81A18D4CF0041395F /* SKActionEmoticonsKeyboardLayout.m */; };
		140EE1AC1A18DFF50041395F /* SKActionEmoticonsKeyboardCell.m in Sources */ = {isa = PBXBuildFile; fileRef = 140EE1AB1A18DFF50041395F /* SKActionEmoticonsKeyboardCell.m */; };
		14CA435C1A0EA091001E96BD /* Foundation.framework in Frameworks */ = {isa = PBXBuildFile; fileRef = 9D851987179ACFB8009542D9 /* Foundation.framework */; };
		14CA435D1A0EA091001E96BD /* CoreGraphics.framework in Frameworks */ = {isa = PBXBuildFile; fileRef = 9D851989179ACFB8009542D9 /* CoreGraphics.framework */; };
		14CA435E1A0EA091001E96BD /* UIKit.framework in Frameworks */ = {isa = PBXBuildFile; fileRef = 9D851985179ACFB8009542D9 /* UIKit.framework */; };
		14CA43641A0EA091001E96BD /* InfoPlist.strings in Resources */ = {isa = PBXBuildFile; fileRef = 14CA43621A0EA091001E96BD /* InfoPlist.strings */; };
		14CA43661A0EA091001E96BD /* main.m in Sources */ = {isa = PBXBuildFile; fileRef = 14CA43651A0EA091001E96BD /* main.m */; };
		14CA436A1A0EA091001E96BD /* SKAppDelegate.m in Sources */ = {isa = PBXBuildFile; fileRef = 14CA43691A0EA091001E96BD /* SKAppDelegate.m */; };
		14CA436D1A0EA091001E96BD /* Main.storyboard in Resources */ = {isa = PBXBuildFile; fileRef = 14CA436B1A0EA091001E96BD /* Main.storyboard */; };
		14CA43701A0EA091001E96BD /* SKViewController.m in Sources */ = {isa = PBXBuildFile; fileRef = 14CA436F1A0EA091001E96BD /* SKViewController.m */; };
		14CA43721A0EA091001E96BD /* Images.xcassets in Resources */ = {isa = PBXBuildFile; fileRef = 14CA43711A0EA091001E96BD /* Images.xcassets */; };
		14CA43791A0EA091001E96BD /* XCTest.framework in Frameworks */ = {isa = PBXBuildFile; fileRef = 14CA43781A0EA091001E96BD /* XCTest.framework */; };
		14CA437A1A0EA091001E96BD /* Foundation.framework in Frameworks */ = {isa = PBXBuildFile; fileRef = 9D851987179ACFB8009542D9 /* Foundation.framework */; };
		14CA437B1A0EA091001E96BD /* UIKit.framework in Frameworks */ = {isa = PBXBuildFile; fileRef = 9D851985179ACFB8009542D9 /* UIKit.framework */; };
		14CA43831A0EA091001E96BD /* InfoPlist.strings in Resources */ = {isa = PBXBuildFile; fileRef = 14CA43811A0EA091001E96BD /* InfoPlist.strings */; };
		14CA43851A0EA091001E96BD /* SKEmoticonsKeyboardDemoTests.m in Sources */ = {isa = PBXBuildFile; fileRef = 14CA43841A0EA091001E96BD /* SKEmoticonsKeyboardDemoTests.m */; };
		14CA438C1A0EA7B5001E96BD /* WUEmoticonsKeyboardKeyCell.h in Sources */ = {isa = PBXBuildFile; fileRef = 9D8519AF179AD0F2009542D9 /* WUEmoticonsKeyboardKeyCell.h */; };
		14CA438D1A0EA7B5001E96BD /* WUEmoticonsKeyboardKeyCell.m in Sources */ = {isa = PBXBuildFile; fileRef = 9D8519B0179AD0F2009542D9 /* WUEmoticonsKeyboardKeyCell.m */; };
		14CA438F1A0EA7B5001E96BD /* WUEmoticonsKeyboardKeyItem.m in Sources */ = {isa = PBXBuildFile; fileRef = 9D8519B2179AD0F2009542D9 /* WUEmoticonsKeyboardKeyItem.m */; };
		14CA43911A0EA7B5001E96BD /* WUEmoticonsKeyboardKeyItemGroup.m in Sources */ = {isa = PBXBuildFile; fileRef = 9D8519B4179AD0F2009542D9 /* WUEmoticonsKeyboardKeyItemGroup.m */; };
		14CA43931A0EA7B5001E96BD /* WUEmoticonsKeyboardKeyItemGroupView.m in Sources */ = {isa = PBXBuildFile; fileRef = 9D8519B6179AD0F2009542D9 /* WUEmoticonsKeyboardKeyItemGroupView.m */; };
		14CA43951A0EA7B5001E96BD /* WUEmoticonsKeyboardKeysPageFlowLayout.m in Sources */ = {isa = PBXBuildFile; fileRef = 9D8519B8179AD0F2009542D9 /* WUEmoticonsKeyboardKeysPageFlowLayout.m */; };
		14CA43971A0EA7B5001E96BD /* SKEmoticonsControlView.m in Sources */ = {isa = PBXBuildFile; fileRef = 1402EC911A0E622600698EEA /* SKEmoticonsControlView.m */; };
		14CA43991A0EA7DA001E96BD /* WUDemoKeyboardTextKeyCell.m in Sources */ = {isa = PBXBuildFile; fileRef = 9D8519C9179AD337009542D9 /* WUDemoKeyboardTextKeyCell.m */; };
		14CA439B1A0EBA11001E96BD /* MobileCoreServices.framework in Frameworks */ = {isa = PBXBuildFile; fileRef = 14CA439A1A0EBA11001E96BD /* MobileCoreServices.framework */; };
		14CA439D1A0EBCA4001E96BD /* EmotionTextKeys.plist in Resources */ = {isa = PBXBuildFile; fileRef = 14CA439C1A0EBCA4001E96BD /* EmotionTextKeys.plist */; };
		14E5073F1A176C2A00848535 /* SKEmoticonsKeyboardItemGroupView.m in Sources */ = {isa = PBXBuildFile; fileRef = 14E5073C1A17694E00848535 /* SKEmoticonsKeyboardItemGroupView.m */; };
		14FE2CA91A17AAB5005E0458 /* WUKeyboardPressedCellPopupView.m in Sources */ = {isa = PBXBuildFile; fileRef = 14FE2CA81A17AAB5005E0458 /* WUKeyboardPressedCellPopupView.m */; };
		14FE2CAA1A17B158005E0458 /* WUKeyboardPressedCellPopupView.m in Sources */ = {isa = PBXBuildFile; fileRef = 14FE2CA81A17AAB5005E0458 /* WUKeyboardPressedCellPopupView.m */; };
		9D851986179ACFB8009542D9 /* UIKit.framework in Frameworks */ = {isa = PBXBuildFile; fileRef = 9D851985179ACFB8009542D9 /* UIKit.framework */; };
		9D851988179ACFB8009542D9 /* Foundation.framework in Frameworks */ = {isa = PBXBuildFile; fileRef = 9D851987179ACFB8009542D9 /* Foundation.framework */; };
		9D85198A179ACFB8009542D9 /* CoreGraphics.framework in Frameworks */ = {isa = PBXBuildFile; fileRef = 9D851989179ACFB8009542D9 /* CoreGraphics.framework */; };
		9D851990179ACFB9009542D9 /* InfoPlist.strings in Resources */ = {isa = PBXBuildFile; fileRef = 9D85198E179ACFB9009542D9 /* InfoPlist.strings */; };
		9D851996179ACFB9009542D9 /* WUAppDelegate.m in Sources */ = {isa = PBXBuildFile; fileRef = 9D851995179ACFB9009542D9 /* WUAppDelegate.m */; };
		9D851998179ACFB9009542D9 /* Default.png in Resources */ = {isa = PBXBuildFile; fileRef = 9D851997179ACFB9009542D9 /* Default.png */; };
		9D85199A179ACFB9009542D9 /* Default@2x.png in Resources */ = {isa = PBXBuildFile; fileRef = 9D851999179ACFB9009542D9 /* Default@2x.png */; };
		9D85199C179ACFB9009542D9 /* Default-568h@2x.png in Resources */ = {isa = PBXBuildFile; fileRef = 9D85199B179ACFB9009542D9 /* Default-568h@2x.png */; };
		9D85199F179ACFB9009542D9 /* MainStoryboard.storyboard in Resources */ = {isa = PBXBuildFile; fileRef = 9D85199D179ACFB9009542D9 /* MainStoryboard.storyboard */; };
		9D8519AA179ACFCB009542D9 /* WUDemoViewController.m in Sources */ = {isa = PBXBuildFile; fileRef = 9D8519A9179ACFCB009542D9 /* WUDemoViewController.m */; };
		9D8519BB179AD0F2009542D9 /* WUEmoticonsKeyboard.m in Sources */ = {isa = PBXBuildFile; fileRef = 9D8519AE179AD0F2009542D9 /* WUEmoticonsKeyboard.m */; };
		9D8519BC179AD0F2009542D9 /* WUEmoticonsKeyboardKeyCell.m in Sources */ = {isa = PBXBuildFile; fileRef = 9D8519B0179AD0F2009542D9 /* WUEmoticonsKeyboardKeyCell.m */; };
		9D8519BD179AD0F2009542D9 /* WUEmoticonsKeyboardKeyItem.m in Sources */ = {isa = PBXBuildFile; fileRef = 9D8519B2179AD0F2009542D9 /* WUEmoticonsKeyboardKeyItem.m */; };
		9D8519BE179AD0F2009542D9 /* WUEmoticonsKeyboardKeyItemGroup.m in Sources */ = {isa = PBXBuildFile; fileRef = 9D8519B4179AD0F2009542D9 /* WUEmoticonsKeyboardKeyItemGroup.m */; };
		9D8519BF179AD0F2009542D9 /* WUEmoticonsKeyboardKeyItemGroupView.m in Sources */ = {isa = PBXBuildFile; fileRef = 9D8519B6179AD0F2009542D9 /* WUEmoticonsKeyboardKeyItemGroupView.m */; };
		9D8519C0179AD0F2009542D9 /* WUEmoticonsKeyboardKeysPageFlowLayout.m in Sources */ = {isa = PBXBuildFile; fileRef = 9D8519B8179AD0F2009542D9 /* WUEmoticonsKeyboardKeysPageFlowLayout.m */; };
		9D8519C1179AD0F2009542D9 /* WUEmoticonsKeyboardToolsView.m in Sources */ = {isa = PBXBuildFile; fileRef = 9D8519BA179AD0F2009542D9 /* WUEmoticonsKeyboardToolsView.m */; };
		9D8519C4179AD108009542D9 /* WUDemoKeyboardBuilder.m in Sources */ = {isa = PBXBuildFile; fileRef = 9D8519C3179AD108009542D9 /* WUDemoKeyboardBuilder.m */; };
		9D8519CA179AD337009542D9 /* WUDemoKeyboardTextKeyCell.m in Sources */ = {isa = PBXBuildFile; fileRef = 9D8519C9179AD337009542D9 /* WUDemoKeyboardTextKeyCell.m */; };
		9D8519E3179ADA53009542D9 /* keyboard_bg.png in Resources */ = {isa = PBXBuildFile; fileRef = 9D8519CD179ADA53009542D9 /* keyboard_bg.png */; };
		9D8519E4179ADA53009542D9 /* keyboard_bg@2x.png in Resources */ = {isa = PBXBuildFile; fileRef = 9D8519CE179ADA53009542D9 /* keyboard_bg@2x.png */; };
		9D8519E5179ADA53009542D9 /* keyboard_del.png in Resources */ = {isa = PBXBuildFile; fileRef = 9D8519CF179ADA53009542D9 /* keyboard_del.png */; };
		9D8519E6179ADA53009542D9 /* keyboard_del@2x.png in Resources */ = {isa = PBXBuildFile; fileRef = 9D8519D0179ADA53009542D9 /* keyboard_del@2x.png */; };
		9D8519E7179ADA53009542D9 /* keyboard_del_pressed.png in Resources */ = {isa = PBXBuildFile; fileRef = 9D8519D1179ADA53009542D9 /* keyboard_del_pressed.png */; };
		9D8519E8179ADA53009542D9 /* keyboard_del_pressed@2x.png in Resources */ = {isa = PBXBuildFile; fileRef = 9D8519D2179ADA53009542D9 /* keyboard_del_pressed@2x.png */; };
		9D8519E9179ADA53009542D9 /* keyboard_grid_bg.png in Resources */ = {isa = PBXBuildFile; fileRef = 9D8519D3179ADA53009542D9 /* keyboard_grid_bg.png */; };
		9D8519EA179ADA53009542D9 /* keyboard_grid_bg@2x.png in Resources */ = {isa = PBXBuildFile; fileRef = 9D8519D4179ADA53009542D9 /* keyboard_grid_bg@2x.png */; };
		9D8519EB179ADA53009542D9 /* keyboard_popup.png in Resources */ = {isa = PBXBuildFile; fileRef = 9D8519D5179ADA53009542D9 /* keyboard_popup.png */; };
		9D8519EC179ADA53009542D9 /* keyboard_popup@2x.png in Resources */ = {isa = PBXBuildFile; fileRef = 9D8519D6179ADA53009542D9 /* keyboard_popup@2x.png */; };
		9D8519EF179ADA53009542D9 /* keyboard_segment_normal.png in Resources */ = {isa = PBXBuildFile; fileRef = 9D8519D9179ADA53009542D9 /* keyboard_segment_normal.png */; };
		9D8519F0179ADA53009542D9 /* keyboard_segment_normal@2x.png in Resources */ = {isa = PBXBuildFile; fileRef = 9D8519DA179ADA53009542D9 /* keyboard_segment_normal@2x.png */; };
		9D8519F1179ADA53009542D9 /* keyboard_segment_selected.png in Resources */ = {isa = PBXBuildFile; fileRef = 9D8519DB179ADA53009542D9 /* keyboard_segment_selected.png */; };
		9D8519F2179ADA53009542D9 /* keyboard_segment_selected@2x.png in Resources */ = {isa = PBXBuildFile; fileRef = 9D8519DC179ADA53009542D9 /* keyboard_segment_selected@2x.png */; };
		9D8519F5179ADA53009542D9 /* keyboard_switch.png in Resources */ = {isa = PBXBuildFile; fileRef = 9D8519DF179ADA53009542D9 /* keyboard_switch.png */; };
		9D8519F6179ADA53009542D9 /* keyboard_switch@2x.png in Resources */ = {isa = PBXBuildFile; fileRef = 9D8519E0179ADA53009542D9 /* keyboard_switch@2x.png */; };
		9D8519F7179ADA53009542D9 /* keyboard_switch_pressed.png in Resources */ = {isa = PBXBuildFile; fileRef = 9D8519E1179ADA53009542D9 /* keyboard_switch_pressed.png */; };
		9D8519F8179ADA53009542D9 /* keyboard_switch_pressed@2x.png in Resources */ = {isa = PBXBuildFile; fileRef = 9D8519E2179ADA53009542D9 /* keyboard_switch_pressed@2x.png */; };
		9D8620B3179EC09000E0C429 /* applaud.png in Resources */ = {isa = PBXBuildFile; fileRef = 9D8620AD179EC09000E0C429 /* applaud.png */; };
		9D8620B4179EC09000E0C429 /* applaud@2x.png in Resources */ = {isa = PBXBuildFile; fileRef = 9D8620AE179EC09000E0C429 /* applaud@2x.png */; };
		9D8620B5179EC09000E0C429 /* love.png in Resources */ = {isa = PBXBuildFile; fileRef = 9D8620AF179EC09000E0C429 /* love.png */; };
		9D8620B6179EC09000E0C429 /* love@2x.png in Resources */ = {isa = PBXBuildFile; fileRef = 9D8620B0179EC09000E0C429 /* love@2x.png */; };
		9D8620B7179EC09000E0C429 /* weico.png in Resources */ = {isa = PBXBuildFile; fileRef = 9D8620B1179EC09000E0C429 /* weico.png */; };
		9D8620B8179EC09000E0C429 /* weico@2x.png in Resources */ = {isa = PBXBuildFile; fileRef = 9D8620B2179EC09000E0C429 /* weico@2x.png */; };
		9D8620BA179EC1D900E0C429 /* EmotionTextKeys.plist in Resources */ = {isa = PBXBuildFile; fileRef = 9D8620B9179EC1D900E0C429 /* EmotionTextKeys.plist */; };
		9D8620BF179ECAEF00E0C429 /* keyboard_segment_normal_selected@2x.png in Resources */ = {isa = PBXBuildFile; fileRef = 9D8620BB179ECAEF00E0C429 /* keyboard_segment_normal_selected@2x.png */; };
		9D8620C0179ECAEF00E0C429 /* keyboard_segment_normal_selected.png in Resources */ = {isa = PBXBuildFile; fileRef = 9D8620BC179ECAEF00E0C429 /* keyboard_segment_normal_selected.png */; };
		9D8620C1179ECAEF00E0C429 /* keyboard_segment_selected_normal@2x.png in Resources */ = {isa = PBXBuildFile; fileRef = 9D8620BD179ECAEF00E0C429 /* keyboard_segment_selected_normal@2x.png */; };
		9D8620C2179ECAEF00E0C429 /* keyboard_segment_selected_normal.png in Resources */ = {isa = PBXBuildFile; fileRef = 9D8620BE179ECAEF00E0C429 /* keyboard_segment_selected_normal.png */; };
		9D8620CB179ED30F00E0C429 /* keyboard_emotion_selected@2x.png in Resources */ = {isa = PBXBuildFile; fileRef = 9D8620C3179ED30F00E0C429 /* keyboard_emotion_selected@2x.png */; };
		9D8620CC179ED30F00E0C429 /* keyboard_text.png in Resources */ = {isa = PBXBuildFile; fileRef = 9D8620C4179ED30F00E0C429 /* keyboard_text.png */; };
		9D8620CD179ED30F00E0C429 /* keyboard_text_selected.png in Resources */ = {isa = PBXBuildFile; fileRef = 9D8620C5179ED30F00E0C429 /* keyboard_text_selected.png */; };
		9D8620CE179ED30F00E0C429 /* keyboard_text@2x.png in Resources */ = {isa = PBXBuildFile; fileRef = 9D8620C6179ED30F00E0C429 /* keyboard_text@2x.png */; };
		9D8620CF179ED30F00E0C429 /* keyboard_text_selected@2x.png in Resources */ = {isa = PBXBuildFile; fileRef = 9D8620C7179ED30F00E0C429 /* keyboard_text_selected@2x.png */; };
		9D8620D0179ED30F00E0C429 /* keyboard_emotion_selected.png in Resources */ = {isa = PBXBuildFile; fileRef = 9D8620C8179ED30F00E0C429 /* keyboard_emotion_selected.png */; };
		9D8620D1179ED30F00E0C429 /* keyboard_emotion.png in Resources */ = {isa = PBXBuildFile; fileRef = 9D8620C9179ED30F00E0C429 /* keyboard_emotion.png */; };
		9D8620D2179ED30F00E0C429 /* keyboard_emotion@2x.png in Resources */ = {isa = PBXBuildFile; fileRef = 9D8620CA179ED30F00E0C429 /* keyboard_emotion@2x.png */; };
/* End PBXBuildFile section */

/* Begin PBXContainerItemProxy section */
		14CA437C1A0EA091001E96BD /* PBXContainerItemProxy */ = {
			isa = PBXContainerItemProxy;
			containerPortal = 9D85197A179ACFB8009542D9 /* Project object */;
			proxyType = 1;
			remoteGlobalIDString = 14CA435A1A0EA091001E96BD;
			remoteInfo = SKEmoticonsKeyboardDemo;
		};
/* End PBXContainerItemProxy section */

/* Begin PBXFileReference section */
		1402EC901A0E622600698EEA /* SKEmoticonsControlView.h */ = {isa = PBXFileReference; fileEncoding = 4; lastKnownFileType = sourcecode.c.h; path = SKEmoticonsControlView.h; sourceTree = "<group>"; };
		1402EC911A0E622600698EEA /* SKEmoticonsControlView.m */ = {isa = PBXFileReference; fileEncoding = 4; lastKnownFileType = sourcecode.c.objc; path = SKEmoticonsControlView.m; sourceTree = "<group>"; };
		140EE1A71A18D4CF0041395F /* SKActionEmoticonsKeyboardLayout.h */ = {isa = PBXFileReference; fileEncoding = 4; lastKnownFileType = sourcecode.c.h; path = SKActionEmoticonsKeyboardLayout.h; sourceTree = "<group>"; };
		140EE1A81A18D4CF0041395F /* SKActionEmoticonsKeyboardLayout.m */ = {isa = PBXFileReference; fileEncoding = 4; lastKnownFileType = sourcecode.c.objc; path = SKActionEmoticonsKeyboardLayout.m; sourceTree = "<group>"; };
		140EE1AA1A18DFF50041395F /* SKActionEmoticonsKeyboardCell.h */ = {isa = PBXFileReference; fileEncoding = 4; lastKnownFileType = sourcecode.c.h; path = SKActionEmoticonsKeyboardCell.h; sourceTree = "<group>"; };
		140EE1AB1A18DFF50041395F /* SKActionEmoticonsKeyboardCell.m */ = {isa = PBXFileReference; fileEncoding = 4; lastKnownFileType = sourcecode.c.objc; path = SKActionEmoticonsKeyboardCell.m; sourceTree = "<group>"; };
		14CA435B1A0EA091001E96BD /* SKEmoticonsKeyboardDemo.app */ = {isa = PBXFileReference; explicitFileType = wrapper.application; includeInIndex = 0; path = SKEmoticonsKeyboardDemo.app; sourceTree = BUILT_PRODUCTS_DIR; };
		14CA43611A0EA091001E96BD /* SKEmoticonsKeyboardDemo-Info.plist */ = {isa = PBXFileReference; lastKnownFileType = text.plist.xml; path = "SKEmoticonsKeyboardDemo-Info.plist"; sourceTree = "<group>"; };
		14CA43631A0EA091001E96BD /* en */ = {isa = PBXFileReference; lastKnownFileType = text.plist.strings; name = en; path = en.lproj/InfoPlist.strings; sourceTree = "<group>"; };
		14CA43651A0EA091001E96BD /* main.m */ = {isa = PBXFileReference; lastKnownFileType = sourcecode.c.objc; path = main.m; sourceTree = "<group>"; };
		14CA43671A0EA091001E96BD /* SKEmoticonsKeyboardDemo-Prefix.pch */ = {isa = PBXFileReference; lastKnownFileType = sourcecode.c.h; path = "SKEmoticonsKeyboardDemo-Prefix.pch"; sourceTree = "<group>"; };
		14CA43681A0EA091001E96BD /* SKAppDelegate.h */ = {isa = PBXFileReference; lastKnownFileType = sourcecode.c.h; path = SKAppDelegate.h; sourceTree = "<group>"; };
		14CA43691A0EA091001E96BD /* SKAppDelegate.m */ = {isa = PBXFileReference; lastKnownFileType = sourcecode.c.objc; path = SKAppDelegate.m; sourceTree = "<group>"; };
		14CA436C1A0EA091001E96BD /* Base */ = {isa = PBXFileReference; lastKnownFileType = file.storyboard; name = Base; path = Base.lproj/Main.storyboard; sourceTree = "<group>"; };
		14CA436E1A0EA091001E96BD /* SKViewController.h */ = {isa = PBXFileReference; lastKnownFileType = sourcecode.c.h; path = SKViewController.h; sourceTree = "<group>"; };
		14CA436F1A0EA091001E96BD /* SKViewController.m */ = {isa = PBXFileReference; lastKnownFileType = sourcecode.c.objc; path = SKViewController.m; sourceTree = "<group>"; };
		14CA43711A0EA091001E96BD /* Images.xcassets */ = {isa = PBXFileReference; lastKnownFileType = folder.assetcatalog; path = Images.xcassets; sourceTree = "<group>"; };
		14CA43771A0EA091001E96BD /* SKEmoticonsKeyboardDemoTests.xctest */ = {isa = PBXFileReference; explicitFileType = wrapper.cfbundle; includeInIndex = 0; path = SKEmoticonsKeyboardDemoTests.xctest; sourceTree = BUILT_PRODUCTS_DIR; };
		14CA43781A0EA091001E96BD /* XCTest.framework */ = {isa = PBXFileReference; lastKnownFileType = wrapper.framework; name = XCTest.framework; path = Library/Frameworks/XCTest.framework; sourceTree = DEVELOPER_DIR; };
		14CA43801A0EA091001E96BD /* SKEmoticonsKeyboardDemoTests-Info.plist */ = {isa = PBXFileReference; lastKnownFileType = text.plist.xml; path = "SKEmoticonsKeyboardDemoTests-Info.plist"; sourceTree = "<group>"; };
		14CA43821A0EA091001E96BD /* en */ = {isa = PBXFileReference; lastKnownFileType = text.plist.strings; name = en; path = en.lproj/InfoPlist.strings; sourceTree = "<group>"; };
		14CA43841A0EA091001E96BD /* SKEmoticonsKeyboardDemoTests.m */ = {isa = PBXFileReference; lastKnownFileType = sourcecode.c.objc; path = SKEmoticonsKeyboardDemoTests.m; sourceTree = "<group>"; };
		14CA439A1A0EBA11001E96BD /* MobileCoreServices.framework */ = {isa = PBXFileReference; lastKnownFileType = wrapper.framework; name = MobileCoreServices.framework; path = System/Library/Frameworks/MobileCoreServices.framework; sourceTree = SDKROOT; };
		14CA439C1A0EBCA4001E96BD /* EmotionTextKeys.plist */ = {isa = PBXFileReference; fileEncoding = 4; lastKnownFileType = text.plist.xml; name = EmotionTextKeys.plist; path = WUEmoticonsKeyboardDemo/Resources/EmotionTextKeys.plist; sourceTree = SOURCE_ROOT; };
		14E5073B1A17694E00848535 /* SKEmoticonsKeyboardItemGroupView.h */ = {isa = PBXFileReference; fileEncoding = 4; lastKnownFileType = sourcecode.c.h; path = SKEmoticonsKeyboardItemGroupView.h; sourceTree = "<group>"; };
		14E5073C1A17694E00848535 /* SKEmoticonsKeyboardItemGroupView.m */ = {isa = PBXFileReference; fileEncoding = 4; lastKnownFileType = sourcecode.c.objc; path = SKEmoticonsKeyboardItemGroupView.m; sourceTree = "<group>"; };
		14FE2CA71A17AAB5005E0458 /* WUKeyboardPressedCellPopupView.h */ = {isa = PBXFileReference; fileEncoding = 4; lastKnownFileType = sourcecode.c.h; path = WUKeyboardPressedCellPopupView.h; sourceTree = "<group>"; };
		14FE2CA81A17AAB5005E0458 /* WUKeyboardPressedCellPopupView.m */ = {isa = PBXFileReference; fileEncoding = 4; lastKnownFileType = sourcecode.c.objc; path = WUKeyboardPressedCellPopupView.m; sourceTree = "<group>"; };
		9D851982179ACFB8009542D9 /* WUEmoticonsKeyboardDemo.app */ = {isa = PBXFileReference; explicitFileType = wrapper.application; includeInIndex = 0; path = WUEmoticonsKeyboardDemo.app; sourceTree = BUILT_PRODUCTS_DIR; };
		9D851985179ACFB8009542D9 /* UIKit.framework */ = {isa = PBXFileReference; lastKnownFileType = wrapper.framework; name = UIKit.framework; path = System/Library/Frameworks/UIKit.framework; sourceTree = SDKROOT; };
		9D851987179ACFB8009542D9 /* Foundation.framework */ = {isa = PBXFileReference; lastKnownFileType = wrapper.framework; name = Foundation.framework; path = System/Library/Frameworks/Foundation.framework; sourceTree = SDKROOT; };
		9D851989179ACFB8009542D9 /* CoreGraphics.framework */ = {isa = PBXFileReference; lastKnownFileType = wrapper.framework; name = CoreGraphics.framework; path = System/Library/Frameworks/CoreGraphics.framework; sourceTree = SDKROOT; };
		9D85198D179ACFB8009542D9 /* WUEmoticonsKeyboardDemo-Info.plist */ = {isa = PBXFileReference; lastKnownFileType = text.plist.xml; path = "WUEmoticonsKeyboardDemo-Info.plist"; sourceTree = "<group>"; };
		9D85198F179ACFB9009542D9 /* en */ = {isa = PBXFileReference; lastKnownFileType = text.plist.strings; name = en; path = en.lproj/InfoPlist.strings; sourceTree = "<group>"; };
		9D851993179ACFB9009542D9 /* WUEmoticonsKeyboardDemo-Prefix.pch */ = {isa = PBXFileReference; lastKnownFileType = sourcecode.c.h; path = "WUEmoticonsKeyboardDemo-Prefix.pch"; sourceTree = "<group>"; };
		9D851994179ACFB9009542D9 /* WUAppDelegate.h */ = {isa = PBXFileReference; lastKnownFileType = sourcecode.c.h; path = WUAppDelegate.h; sourceTree = "<group>"; };
		9D851995179ACFB9009542D9 /* WUAppDelegate.m */ = {isa = PBXFileReference; lastKnownFileType = sourcecode.c.objc; path = WUAppDelegate.m; sourceTree = "<group>"; };
		9D851997179ACFB9009542D9 /* Default.png */ = {isa = PBXFileReference; lastKnownFileType = image.png; path = Default.png; sourceTree = "<group>"; };
		9D851999179ACFB9009542D9 /* Default@2x.png */ = {isa = PBXFileReference; lastKnownFileType = image.png; path = "Default@2x.png"; sourceTree = "<group>"; };
		9D85199B179ACFB9009542D9 /* Default-568h@2x.png */ = {isa = PBXFileReference; lastKnownFileType = image.png; path = "Default-568h@2x.png"; sourceTree = "<group>"; };
		9D85199E179ACFB9009542D9 /* en */ = {isa = PBXFileReference; lastKnownFileType = file.storyboard; name = en; path = en.lproj/MainStoryboard.storyboard; sourceTree = "<group>"; };
		9D8519A8179ACFCB009542D9 /* WUDemoViewController.h */ = {isa = PBXFileReference; fileEncoding = 4; lastKnownFileType = sourcecode.c.h; path = WUDemoViewController.h; sourceTree = "<group>"; };
		9D8519A9179ACFCB009542D9 /* WUDemoViewController.m */ = {isa = PBXFileReference; fileEncoding = 4; lastKnownFileType = sourcecode.c.objc; path = WUDemoViewController.m; sourceTree = "<group>"; };
		9D8519AC179AD0F2009542D9 /* UIResponder+WriteableInputView.h */ = {isa = PBXFileReference; fileEncoding = 4; lastKnownFileType = sourcecode.c.h; path = "UIResponder+WriteableInputView.h"; sourceTree = "<group>"; };
		9D8519AD179AD0F2009542D9 /* WUEmoticonsKeyboard.h */ = {isa = PBXFileReference; fileEncoding = 4; lastKnownFileType = sourcecode.c.h; path = WUEmoticonsKeyboard.h; sourceTree = "<group>"; };
		9D8519AE179AD0F2009542D9 /* WUEmoticonsKeyboard.m */ = {isa = PBXFileReference; fileEncoding = 4; lastKnownFileType = sourcecode.c.objc; path = WUEmoticonsKeyboard.m; sourceTree = "<group>"; };
		9D8519AF179AD0F2009542D9 /* WUEmoticonsKeyboardKeyCell.h */ = {isa = PBXFileReference; fileEncoding = 4; lastKnownFileType = sourcecode.c.h; path = WUEmoticonsKeyboardKeyCell.h; sourceTree = "<group>"; };
		9D8519B0179AD0F2009542D9 /* WUEmoticonsKeyboardKeyCell.m */ = {isa = PBXFileReference; fileEncoding = 4; lastKnownFileType = sourcecode.c.objc; path = WUEmoticonsKeyboardKeyCell.m; sourceTree = "<group>"; };
		9D8519B1179AD0F2009542D9 /* WUEmoticonsKeyboardKeyItem.h */ = {isa = PBXFileReference; fileEncoding = 4; lastKnownFileType = sourcecode.c.h; path = WUEmoticonsKeyboardKeyItem.h; sourceTree = "<group>"; };
		9D8519B2179AD0F2009542D9 /* WUEmoticonsKeyboardKeyItem.m */ = {isa = PBXFileReference; fileEncoding = 4; lastKnownFileType = sourcecode.c.objc; path = WUEmoticonsKeyboardKeyItem.m; sourceTree = "<group>"; };
		9D8519B3179AD0F2009542D9 /* WUEmoticonsKeyboardKeyItemGroup.h */ = {isa = PBXFileReference; fileEncoding = 4; lastKnownFileType = sourcecode.c.h; path = WUEmoticonsKeyboardKeyItemGroup.h; sourceTree = "<group>"; };
		9D8519B4179AD0F2009542D9 /* WUEmoticonsKeyboardKeyItemGroup.m */ = {isa = PBXFileReference; fileEncoding = 4; lastKnownFileType = sourcecode.c.objc; path = WUEmoticonsKeyboardKeyItemGroup.m; sourceTree = "<group>"; };
		9D8519B5179AD0F2009542D9 /* WUEmoticonsKeyboardKeyItemGroupView.h */ = {isa = PBXFileReference; fileEncoding = 4; lastKnownFileType = sourcecode.c.h; path = WUEmoticonsKeyboardKeyItemGroupView.h; sourceTree = "<group>"; };
		9D8519B6179AD0F2009542D9 /* WUEmoticonsKeyboardKeyItemGroupView.m */ = {isa = PBXFileReference; fileEncoding = 4; lastKnownFileType = sourcecode.c.objc; path = WUEmoticonsKeyboardKeyItemGroupView.m; sourceTree = "<group>"; };
		9D8519B7179AD0F2009542D9 /* WUEmoticonsKeyboardKeysPageFlowLayout.h */ = {isa = PBXFileReference; fileEncoding = 4; lastKnownFileType = sourcecode.c.h; path = WUEmoticonsKeyboardKeysPageFlowLayout.h; sourceTree = "<group>"; };
		9D8519B8179AD0F2009542D9 /* WUEmoticonsKeyboardKeysPageFlowLayout.m */ = {isa = PBXFileReference; fileEncoding = 4; lastKnownFileType = sourcecode.c.objc; path = WUEmoticonsKeyboardKeysPageFlowLayout.m; sourceTree = "<group>"; };
		9D8519B9179AD0F2009542D9 /* WUEmoticonsKeyboardToolsView.h */ = {isa = PBXFileReference; fileEncoding = 4; lastKnownFileType = sourcecode.c.h; path = WUEmoticonsKeyboardToolsView.h; sourceTree = "<group>"; };
		9D8519BA179AD0F2009542D9 /* WUEmoticonsKeyboardToolsView.m */ = {isa = PBXFileReference; fileEncoding = 4; lastKnownFileType = sourcecode.c.objc; path = WUEmoticonsKeyboardToolsView.m; sourceTree = "<group>"; };
		9D8519C2179AD108009542D9 /* WUDemoKeyboardBuilder.h */ = {isa = PBXFileReference; fileEncoding = 4; lastKnownFileType = sourcecode.c.h; path = WUDemoKeyboardBuilder.h; sourceTree = "<group>"; };
		9D8519C3179AD108009542D9 /* WUDemoKeyboardBuilder.m */ = {isa = PBXFileReference; fileEncoding = 4; lastKnownFileType = sourcecode.c.objc; path = WUDemoKeyboardBuilder.m; sourceTree = "<group>"; };
		9D8519C8179AD337009542D9 /* WUDemoKeyboardTextKeyCell.h */ = {isa = PBXFileReference; fileEncoding = 4; lastKnownFileType = sourcecode.c.h; path = WUDemoKeyboardTextKeyCell.h; sourceTree = "<group>"; };
		9D8519C9179AD337009542D9 /* WUDemoKeyboardTextKeyCell.m */ = {isa = PBXFileReference; fileEncoding = 4; lastKnownFileType = sourcecode.c.objc; path = WUDemoKeyboardTextKeyCell.m; sourceTree = "<group>"; };
		9D8519CD179ADA53009542D9 /* keyboard_bg.png */ = {isa = PBXFileReference; lastKnownFileType = image.png; path = keyboard_bg.png; sourceTree = "<group>"; };
		9D8519CE179ADA53009542D9 /* keyboard_bg@2x.png */ = {isa = PBXFileReference; lastKnownFileType = image.png; path = "keyboard_bg@2x.png"; sourceTree = "<group>"; };
		9D8519CF179ADA53009542D9 /* keyboard_del.png */ = {isa = PBXFileReference; lastKnownFileType = image.png; path = keyboard_del.png; sourceTree = "<group>"; };
		9D8519D0179ADA53009542D9 /* keyboard_del@2x.png */ = {isa = PBXFileReference; lastKnownFileType = image.png; path = "keyboard_del@2x.png"; sourceTree = "<group>"; };
		9D8519D1179ADA53009542D9 /* keyboard_del_pressed.png */ = {isa = PBXFileReference; lastKnownFileType = image.png; path = keyboard_del_pressed.png; sourceTree = "<group>"; };
		9D8519D2179ADA53009542D9 /* keyboard_del_pressed@2x.png */ = {isa = PBXFileReference; lastKnownFileType = image.png; path = "keyboard_del_pressed@2x.png"; sourceTree = "<group>"; };
		9D8519D3179ADA53009542D9 /* keyboard_grid_bg.png */ = {isa = PBXFileReference; lastKnownFileType = image.png; path = keyboard_grid_bg.png; sourceTree = "<group>"; };
		9D8519D4179ADA53009542D9 /* keyboard_grid_bg@2x.png */ = {isa = PBXFileReference; lastKnownFileType = image.png; path = "keyboard_grid_bg@2x.png"; sourceTree = "<group>"; };
		9D8519D5179ADA53009542D9 /* keyboard_popup.png */ = {isa = PBXFileReference; lastKnownFileType = image.png; path = keyboard_popup.png; sourceTree = "<group>"; };
		9D8519D6179ADA53009542D9 /* keyboard_popup@2x.png */ = {isa = PBXFileReference; lastKnownFileType = image.png; path = "keyboard_popup@2x.png"; sourceTree = "<group>"; };
		9D8519D9179ADA53009542D9 /* keyboard_segment_normal.png */ = {isa = PBXFileReference; lastKnownFileType = image.png; path = keyboard_segment_normal.png; sourceTree = "<group>"; };
		9D8519DA179ADA53009542D9 /* keyboard_segment_normal@2x.png */ = {isa = PBXFileReference; lastKnownFileType = image.png; path = "keyboard_segment_normal@2x.png"; sourceTree = "<group>"; };
		9D8519DB179ADA53009542D9 /* keyboard_segment_selected.png */ = {isa = PBXFileReference; lastKnownFileType = image.png; path = keyboard_segment_selected.png; sourceTree = "<group>"; };
		9D8519DC179ADA53009542D9 /* keyboard_segment_selected@2x.png */ = {isa = PBXFileReference; lastKnownFileType = image.png; path = "keyboard_segment_selected@2x.png"; sourceTree = "<group>"; };
		9D8519DF179ADA53009542D9 /* keyboard_switch.png */ = {isa = PBXFileReference; lastKnownFileType = image.png; path = keyboard_switch.png; sourceTree = "<group>"; };
		9D8519E0179ADA53009542D9 /* keyboard_switch@2x.png */ = {isa = PBXFileReference; lastKnownFileType = image.png; path = "keyboard_switch@2x.png"; sourceTree = "<group>"; };
		9D8519E1179ADA53009542D9 /* keyboard_switch_pressed.png */ = {isa = PBXFileReference; lastKnownFileType = image.png; path = keyboard_switch_pressed.png; sourceTree = "<group>"; };
		9D8519E2179ADA53009542D9 /* keyboard_switch_pressed@2x.png */ = {isa = PBXFileReference; lastKnownFileType = image.png; path = "keyboard_switch_pressed@2x.png"; sourceTree = "<group>"; };
		9D8620AD179EC09000E0C429 /* applaud.png */ = {isa = PBXFileReference; lastKnownFileType = image.png; path = applaud.png; sourceTree = "<group>"; };
		9D8620AE179EC09000E0C429 /* applaud@2x.png */ = {isa = PBXFileReference; lastKnownFileType = image.png; path = "applaud@2x.png"; sourceTree = "<group>"; };
		9D8620AF179EC09000E0C429 /* love.png */ = {isa = PBXFileReference; lastKnownFileType = image.png; path = love.png; sourceTree = "<group>"; };
		9D8620B0179EC09000E0C429 /* love@2x.png */ = {isa = PBXFileReference; lastKnownFileType = image.png; path = "love@2x.png"; sourceTree = "<group>"; };
		9D8620B1179EC09000E0C429 /* weico.png */ = {isa = PBXFileReference; lastKnownFileType = image.png; path = weico.png; sourceTree = "<group>"; };
		9D8620B2179EC09000E0C429 /* weico@2x.png */ = {isa = PBXFileReference; lastKnownFileType = image.png; path = "weico@2x.png"; sourceTree = "<group>"; };
		9D8620B9179EC1D900E0C429 /* EmotionTextKeys.plist */ = {isa = PBXFileReference; fileEncoding = 4; lastKnownFileType = text.plist.xml; path = EmotionTextKeys.plist; sourceTree = "<group>"; };
		9D8620BB179ECAEF00E0C429 /* keyboard_segment_normal_selected@2x.png */ = {isa = PBXFileReference; lastKnownFileType = image.png; path = "keyboard_segment_normal_selected@2x.png"; sourceTree = "<group>"; };
		9D8620BC179ECAEF00E0C429 /* keyboard_segment_normal_selected.png */ = {isa = PBXFileReference; lastKnownFileType = image.png; path = keyboard_segment_normal_selected.png; sourceTree = "<group>"; };
		9D8620BD179ECAEF00E0C429 /* keyboard_segment_selected_normal@2x.png */ = {isa = PBXFileReference; lastKnownFileType = image.png; path = "keyboard_segment_selected_normal@2x.png"; sourceTree = "<group>"; };
		9D8620BE179ECAEF00E0C429 /* keyboard_segment_selected_normal.png */ = {isa = PBXFileReference; lastKnownFileType = image.png; path = keyboard_segment_selected_normal.png; sourceTree = "<group>"; };
		9D8620C3179ED30F00E0C429 /* keyboard_emotion_selected@2x.png */ = {isa = PBXFileReference; lastKnownFileType = image.png; path = "keyboard_emotion_selected@2x.png"; sourceTree = "<group>"; };
		9D8620C4179ED30F00E0C429 /* keyboard_text.png */ = {isa = PBXFileReference; lastKnownFileType = image.png; path = keyboard_text.png; sourceTree = "<group>"; };
		9D8620C5179ED30F00E0C429 /* keyboard_text_selected.png */ = {isa = PBXFileReference; lastKnownFileType = image.png; path = keyboard_text_selected.png; sourceTree = "<group>"; };
		9D8620C6179ED30F00E0C429 /* keyboard_text@2x.png */ = {isa = PBXFileReference; lastKnownFileType = image.png; path = "keyboard_text@2x.png"; sourceTree = "<group>"; };
		9D8620C7179ED30F00E0C429 /* keyboard_text_selected@2x.png */ = {isa = PBXFileReference; lastKnownFileType = image.png; path = "keyboard_text_selected@2x.png"; sourceTree = "<group>"; };
		9D8620C8179ED30F00E0C429 /* keyboard_emotion_selected.png */ = {isa = PBXFileReference; lastKnownFileType = image.png; path = keyboard_emotion_selected.png; sourceTree = "<group>"; };
		9D8620C9179ED30F00E0C429 /* keyboard_emotion.png */ = {isa = PBXFileReference; lastKnownFileType = image.png; path = keyboard_emotion.png; sourceTree = "<group>"; };
		9D8620CA179ED30F00E0C429 /* keyboard_emotion@2x.png */ = {isa = PBXFileReference; lastKnownFileType = image.png; path = "keyboard_emotion@2x.png"; sourceTree = "<group>"; };
/* End PBXFileReference section */

/* Begin PBXFrameworksBuildPhase section */
		14CA43581A0EA091001E96BD /* Frameworks */ = {
			isa = PBXFrameworksBuildPhase;
			buildActionMask = 2147483647;
			files = (
				14CA439B1A0EBA11001E96BD /* MobileCoreServices.framework in Frameworks */,
				14CA435D1A0EA091001E96BD /* CoreGraphics.framework in Frameworks */,
				14CA435E1A0EA091001E96BD /* UIKit.framework in Frameworks */,
				14CA435C1A0EA091001E96BD /* Foundation.framework in Frameworks */,
			);
			runOnlyForDeploymentPostprocessing = 0;
		};
		14CA43741A0EA091001E96BD /* Frameworks */ = {
			isa = PBXFrameworksBuildPhase;
			buildActionMask = 2147483647;
			files = (
				14CA43791A0EA091001E96BD /* XCTest.framework in Frameworks */,
				14CA437B1A0EA091001E96BD /* UIKit.framework in Frameworks */,
				14CA437A1A0EA091001E96BD /* Foundation.framework in Frameworks */,
			);
			runOnlyForDeploymentPostprocessing = 0;
		};
		9D85197F179ACFB8009542D9 /* Frameworks */ = {
			isa = PBXFrameworksBuildPhase;
			buildActionMask = 2147483647;
			files = (
				9D851986179ACFB8009542D9 /* UIKit.framework in Frameworks */,
				9D851988179ACFB8009542D9 /* Foundation.framework in Frameworks */,
				9D85198A179ACFB8009542D9 /* CoreGraphics.framework in Frameworks */,
			);
			runOnlyForDeploymentPostprocessing = 0;
		};
/* End PBXFrameworksBuildPhase section */

/* Begin PBXGroup section */
		14CA435F1A0EA091001E96BD /* SKEmoticonsKeyboardDemo */ = {
			isa = PBXGroup;
			children = (
				14CA439C1A0EBCA4001E96BD /* EmotionTextKeys.plist */,
				14CA43681A0EA091001E96BD /* SKAppDelegate.h */,
				14CA43691A0EA091001E96BD /* SKAppDelegate.m */,
				14CA436B1A0EA091001E96BD /* Main.storyboard */,
				14CA436E1A0EA091001E96BD /* SKViewController.h */,
				14CA436F1A0EA091001E96BD /* SKViewController.m */,
				14CA43711A0EA091001E96BD /* Images.xcassets */,
				14CA43601A0EA091001E96BD /* Supporting Files */,
				140EE1A71A18D4CF0041395F /* SKActionEmoticonsKeyboardLayout.h */,
				140EE1A81A18D4CF0041395F /* SKActionEmoticonsKeyboardLayout.m */,
				140EE1AA1A18DFF50041395F /* SKActionEmoticonsKeyboardCell.h */,
				140EE1AB1A18DFF50041395F /* SKActionEmoticonsKeyboardCell.m */,
			);
			path = SKEmoticonsKeyboardDemo;
			sourceTree = "<group>";
		};
		14CA43601A0EA091001E96BD /* Supporting Files */ = {
			isa = PBXGroup;
			children = (
				14CA43611A0EA091001E96BD /* SKEmoticonsKeyboardDemo-Info.plist */,
				14CA43621A0EA091001E96BD /* InfoPlist.strings */,
				14CA43651A0EA091001E96BD /* main.m */,
				14CA43671A0EA091001E96BD /* SKEmoticonsKeyboardDemo-Prefix.pch */,
			);
			name = "Supporting Files";
			sourceTree = "<group>";
		};
		14CA437E1A0EA091001E96BD /* SKEmoticonsKeyboardDemoTests */ = {
			isa = PBXGroup;
			children = (
				14CA43841A0EA091001E96BD /* SKEmoticonsKeyboardDemoTests.m */,
				14CA437F1A0EA091001E96BD /* Supporting Files */,
			);
			path = SKEmoticonsKeyboardDemoTests;
			sourceTree = "<group>";
		};
		14CA437F1A0EA091001E96BD /* Supporting Files */ = {
			isa = PBXGroup;
			children = (
				14CA43801A0EA091001E96BD /* SKEmoticonsKeyboardDemoTests-Info.plist */,
				14CA43811A0EA091001E96BD /* InfoPlist.strings */,
			);
			name = "Supporting Files";
			sourceTree = "<group>";
		};
		9D851979179ACFB8009542D9 = {
			isa = PBXGroup;
			children = (
				9D8519AB179AD0F2009542D9 /* WUEmoticonsKeyboard */,
				9D85198B179ACFB8009542D9 /* WUEmoticonsKeyboardDemo */,
				14CA435F1A0EA091001E96BD /* SKEmoticonsKeyboardDemo */,
				14CA437E1A0EA091001E96BD /* SKEmoticonsKeyboardDemoTests */,
				9D851984179ACFB8009542D9 /* Frameworks */,
				9D851983179ACFB8009542D9 /* Products */,
			);
			sourceTree = "<group>";
		};
		9D851983179ACFB8009542D9 /* Products */ = {
			isa = PBXGroup;
			children = (
				9D851982179ACFB8009542D9 /* WUEmoticonsKeyboardDemo.app */,
				14CA435B1A0EA091001E96BD /* SKEmoticonsKeyboardDemo.app */,
				14CA43771A0EA091001E96BD /* SKEmoticonsKeyboardDemoTests.xctest */,
			);
			name = Products;
			sourceTree = "<group>";
		};
		9D851984179ACFB8009542D9 /* Frameworks */ = {
			isa = PBXGroup;
			children = (
				14CA439A1A0EBA11001E96BD /* MobileCoreServices.framework */,
				9D851985179ACFB8009542D9 /* UIKit.framework */,
				9D851987179ACFB8009542D9 /* Foundation.framework */,
				9D851989179ACFB8009542D9 /* CoreGraphics.framework */,
				14CA43781A0EA091001E96BD /* XCTest.framework */,
			);
			name = Frameworks;
			sourceTree = "<group>";
		};
		9D85198B179ACFB8009542D9 /* WUEmoticonsKeyboardDemo */ = {
			isa = PBXGroup;
			children = (
				9D85199D179ACFB9009542D9 /* MainStoryboard.storyboard */,
				9D8519A8179ACFCB009542D9 /* WUDemoViewController.h */,
				9D8519A9179ACFCB009542D9 /* WUDemoViewController.m */,
				9D8519C2179AD108009542D9 /* WUDemoKeyboardBuilder.h */,
				9D8519C3179AD108009542D9 /* WUDemoKeyboardBuilder.m */,
				9D8519C8179AD337009542D9 /* WUDemoKeyboardTextKeyCell.h */,
				9D8519C9179AD337009542D9 /* WUDemoKeyboardTextKeyCell.m */,
				9D8519CB179ADA53009542D9 /* Resources */,
				9D85198C179ACFB8009542D9 /* Supporting Files */,
			);
			path = WUEmoticonsKeyboardDemo;
			sourceTree = "<group>";
		};
		9D85198C179ACFB8009542D9 /* Supporting Files */ = {
			isa = PBXGroup;
			children = (
				9D851994179ACFB9009542D9 /* WUAppDelegate.h */,
				9D851995179ACFB9009542D9 /* WUAppDelegate.m */,
				9D85198D179ACFB8009542D9 /* WUEmoticonsKeyboardDemo-Info.plist */,
				9D85198E179ACFB9009542D9 /* InfoPlist.strings */,
				9D851993179ACFB9009542D9 /* WUEmoticonsKeyboardDemo-Prefix.pch */,
				9D851997179ACFB9009542D9 /* Default.png */,
				9D851999179ACFB9009542D9 /* Default@2x.png */,
				9D85199B179ACFB9009542D9 /* Default-568h@2x.png */,
			);
			name = "Supporting Files";
			sourceTree = "<group>";
		};
		9D8519AB179AD0F2009542D9 /* WUEmoticonsKeyboard */ = {
			isa = PBXGroup;
			children = (
				14FE2CA71A17AAB5005E0458 /* WUKeyboardPressedCellPopupView.h */,
				14FE2CA81A17AAB5005E0458 /* WUKeyboardPressedCellPopupView.m */,
				9D8519AC179AD0F2009542D9 /* UIResponder+WriteableInputView.h */,
				9D8519AD179AD0F2009542D9 /* WUEmoticonsKeyboard.h */,
				9D8519AE179AD0F2009542D9 /* WUEmoticonsKeyboard.m */,
				9D8519AF179AD0F2009542D9 /* WUEmoticonsKeyboardKeyCell.h */,
				9D8519B0179AD0F2009542D9 /* WUEmoticonsKeyboardKeyCell.m */,
				9D8519B1179AD0F2009542D9 /* WUEmoticonsKeyboardKeyItem.h */,
				9D8519B2179AD0F2009542D9 /* WUEmoticonsKeyboardKeyItem.m */,
				9D8519B3179AD0F2009542D9 /* WUEmoticonsKeyboardKeyItemGroup.h */,
				9D8519B4179AD0F2009542D9 /* WUEmoticonsKeyboardKeyItemGroup.m */,
				9D8519B5179AD0F2009542D9 /* WUEmoticonsKeyboardKeyItemGroupView.h */,
				9D8519B6179AD0F2009542D9 /* WUEmoticonsKeyboardKeyItemGroupView.m */,
				9D8519B7179AD0F2009542D9 /* WUEmoticonsKeyboardKeysPageFlowLayout.h */,
				9D8519B8179AD0F2009542D9 /* WUEmoticonsKeyboardKeysPageFlowLayout.m */,
				9D8519B9179AD0F2009542D9 /* WUEmoticonsKeyboardToolsView.h */,
				9D8519BA179AD0F2009542D9 /* WUEmoticonsKeyboardToolsView.m */,
				1402EC901A0E622600698EEA /* SKEmoticonsControlView.h */,
				1402EC911A0E622600698EEA /* SKEmoticonsControlView.m */,
				14E5073B1A17694E00848535 /* SKEmoticonsKeyboardItemGroupView.h */,
				14E5073C1A17694E00848535 /* SKEmoticonsKeyboardItemGroupView.m */,
			);
			name = WUEmoticonsKeyboard;
			path = ../WUEmoticonsKeyboard;
			sourceTree = "<group>";
		};
		9D8519CB179ADA53009542D9 /* Resources */ = {
			isa = PBXGroup;
			children = (
				9D8620B9179EC1D900E0C429 /* EmotionTextKeys.plist */,
				9D8620AC179EC09000E0C429 /* Emotions */,
				9D8519CC179ADA53009542D9 /* Keyboard */,
			);
			path = Resources;
			sourceTree = "<group>";
		};
		9D8519CC179ADA53009542D9 /* Keyboard */ = {
			isa = PBXGroup;
			children = (
				9D8620C3179ED30F00E0C429 /* keyboard_emotion_selected@2x.png */,
				9D8620C4179ED30F00E0C429 /* keyboard_text.png */,
				9D8620C5179ED30F00E0C429 /* keyboard_text_selected.png */,
				9D8620C6179ED30F00E0C429 /* keyboard_text@2x.png */,
				9D8620C7179ED30F00E0C429 /* keyboard_text_selected@2x.png */,
				9D8620C8179ED30F00E0C429 /* keyboard_emotion_selected.png */,
				9D8620C9179ED30F00E0C429 /* keyboard_emotion.png */,
				9D8620CA179ED30F00E0C429 /* keyboard_emotion@2x.png */,
				9D8620BB179ECAEF00E0C429 /* keyboard_segment_normal_selected@2x.png */,
				9D8620BC179ECAEF00E0C429 /* keyboard_segment_normal_selected.png */,
				9D8620BD179ECAEF00E0C429 /* keyboard_segment_selected_normal@2x.png */,
				9D8620BE179ECAEF00E0C429 /* keyboard_segment_selected_normal.png */,
				9D8519CD179ADA53009542D9 /* keyboard_bg.png */,
				9D8519CE179ADA53009542D9 /* keyboard_bg@2x.png */,
				9D8519CF179ADA53009542D9 /* keyboard_del.png */,
				9D8519D0179ADA53009542D9 /* keyboard_del@2x.png */,
				9D8519D1179ADA53009542D9 /* keyboard_del_pressed.png */,
				9D8519D2179ADA53009542D9 /* keyboard_del_pressed@2x.png */,
				9D8519D3179ADA53009542D9 /* keyboard_grid_bg.png */,
				9D8519D4179ADA53009542D9 /* keyboard_grid_bg@2x.png */,
				9D8519D5179ADA53009542D9 /* keyboard_popup.png */,
				9D8519D6179ADA53009542D9 /* keyboard_popup@2x.png */,
				9D8519D9179ADA53009542D9 /* keyboard_segment_normal.png */,
				9D8519DA179ADA53009542D9 /* keyboard_segment_normal@2x.png */,
				9D8519DB179ADA53009542D9 /* keyboard_segment_selected.png */,
				9D8519DC179ADA53009542D9 /* keyboard_segment_selected@2x.png */,
				9D8519DF179ADA53009542D9 /* keyboard_switch.png */,
				9D8519E0179ADA53009542D9 /* keyboard_switch@2x.png */,
				9D8519E1179ADA53009542D9 /* keyboard_switch_pressed.png */,
				9D8519E2179ADA53009542D9 /* keyboard_switch_pressed@2x.png */,
			);
			path = Keyboard;
			sourceTree = "<group>";
		};
		9D8620AC179EC09000E0C429 /* Emotions */ = {
			isa = PBXGroup;
			children = (
				9D8620AD179EC09000E0C429 /* applaud.png */,
				9D8620AE179EC09000E0C429 /* applaud@2x.png */,
				9D8620AF179EC09000E0C429 /* love.png */,
				9D8620B0179EC09000E0C429 /* love@2x.png */,
				9D8620B1179EC09000E0C429 /* weico.png */,
				9D8620B2179EC09000E0C429 /* weico@2x.png */,
			);
			path = Emotions;
			sourceTree = "<group>";
		};
/* End PBXGroup section */

/* Begin PBXNativeTarget section */
		14CA435A1A0EA091001E96BD /* SKEmoticonsKeyboardDemo */ = {
			isa = PBXNativeTarget;
			buildConfigurationList = 14CA438A1A0EA091001E96BD /* Build configuration list for PBXNativeTarget "SKEmoticonsKeyboardDemo" */;
			buildPhases = (
				14CA43571A0EA091001E96BD /* Sources */,
				14CA43581A0EA091001E96BD /* Frameworks */,
				14CA43591A0EA091001E96BD /* Resources */,
			);
			buildRules = (
			);
			dependencies = (
			);
			name = SKEmoticonsKeyboardDemo;
			productName = SKEmoticonsKeyboardDemo;
			productReference = 14CA435B1A0EA091001E96BD /* SKEmoticonsKeyboardDemo.app */;
			productType = "com.apple.product-type.application";
		};
		14CA43761A0EA091001E96BD /* SKEmoticonsKeyboardDemoTests */ = {
			isa = PBXNativeTarget;
			buildConfigurationList = 14CA438B1A0EA091001E96BD /* Build configuration list for PBXNativeTarget "SKEmoticonsKeyboardDemoTests" */;
			buildPhases = (
				14CA43731A0EA091001E96BD /* Sources */,
				14CA43741A0EA091001E96BD /* Frameworks */,
				14CA43751A0EA091001E96BD /* Resources */,
			);
			buildRules = (
			);
			dependencies = (
				14CA437D1A0EA091001E96BD /* PBXTargetDependency */,
			);
			name = SKEmoticonsKeyboardDemoTests;
			productName = SKEmoticonsKeyboardDemoTests;
			productReference = 14CA43771A0EA091001E96BD /* SKEmoticonsKeyboardDemoTests.xctest */;
			productType = "com.apple.product-type.bundle.unit-test";
		};
		9D851981179ACFB8009542D9 /* WUEmoticonsKeyboardDemo */ = {
			isa = PBXNativeTarget;
			buildConfigurationList = 9D8519A5179ACFB9009542D9 /* Build configuration list for PBXNativeTarget "WUEmoticonsKeyboardDemo" */;
			buildPhases = (
				9D85197E179ACFB8009542D9 /* Sources */,
				9D85197F179ACFB8009542D9 /* Frameworks */,
				9D851980179ACFB8009542D9 /* Resources */,
			);
			buildRules = (
			);
			dependencies = (
			);
			name = WUEmoticonsKeyboardDemo;
			productName = WUEmoticonsKeyboardDemo;
			productReference = 9D851982179ACFB8009542D9 /* WUEmoticonsKeyboardDemo.app */;
			productType = "com.apple.product-type.application";
		};
/* End PBXNativeTarget section */

/* Begin PBXProject section */
		9D85197A179ACFB8009542D9 /* Project object */ = {
			isa = PBXProject;
			attributes = {
				CLASSPREFIX = WU;
				LastUpgradeCheck = 0460;
				ORGANIZATIONNAME = YuAo;
				TargetAttributes = {
					14CA43761A0EA091001E96BD = {
						TestTargetID = 9D851981179ACFB8009542D9;
					};
				};
			};
			buildConfigurationList = 9D85197D179ACFB8009542D9 /* Build configuration list for PBXProject "WUEmoticonsKeyboardDemo" */;
			compatibilityVersion = "Xcode 3.2";
			developmentRegion = English;
			hasScannedForEncodings = 0;
			knownRegions = (
				en,
				Base,
			);
			mainGroup = 9D851979179ACFB8009542D9;
			productRefGroup = 9D851983179ACFB8009542D9 /* Products */;
			projectDirPath = "";
			projectRoot = "";
			targets = (
				9D851981179ACFB8009542D9 /* WUEmoticonsKeyboardDemo */,
				14CA435A1A0EA091001E96BD /* SKEmoticonsKeyboardDemo */,
				14CA43761A0EA091001E96BD /* SKEmoticonsKeyboardDemoTests */,
			);
		};
/* End PBXProject section */

/* Begin PBXResourcesBuildPhase section */
		14CA43591A0EA091001E96BD /* Resources */ = {
			isa = PBXResourcesBuildPhase;
			buildActionMask = 2147483647;
			files = (
				14CA43721A0EA091001E96BD /* Images.xcassets in Resources */,
				14CA43641A0EA091001E96BD /* InfoPlist.strings in Resources */,
				14CA436D1A0EA091001E96BD /* Main.storyboard in Resources */,
				14CA439D1A0EBCA4001E96BD /* EmotionTextKeys.plist in Resources */,
			);
			runOnlyForDeploymentPostprocessing = 0;
		};
		14CA43751A0EA091001E96BD /* Resources */ = {
			isa = PBXResourcesBuildPhase;
			buildActionMask = 2147483647;
			files = (
				14CA43831A0EA091001E96BD /* InfoPlist.strings in Resources */,
			);
			runOnlyForDeploymentPostprocessing = 0;
		};
		9D851980179ACFB8009542D9 /* Resources */ = {
			isa = PBXResourcesBuildPhase;
			buildActionMask = 2147483647;
			files = (
				9D851990179ACFB9009542D9 /* InfoPlist.strings in Resources */,
				9D851998179ACFB9009542D9 /* Default.png in Resources */,
				9D85199A179ACFB9009542D9 /* Default@2x.png in Resources */,
				9D85199C179ACFB9009542D9 /* Default-568h@2x.png in Resources */,
				9D85199F179ACFB9009542D9 /* MainStoryboard.storyboard in Resources */,
				9D8519E3179ADA53009542D9 /* keyboard_bg.png in Resources */,
				9D8519E4179ADA53009542D9 /* keyboard_bg@2x.png in Resources */,
				9D8519E5179ADA53009542D9 /* keyboard_del.png in Resources */,
				9D8519E6179ADA53009542D9 /* keyboard_del@2x.png in Resources */,
				9D8519E7179ADA53009542D9 /* keyboard_del_pressed.png in Resources */,
				9D8519E8179ADA53009542D9 /* keyboard_del_pressed@2x.png in Resources */,
				9D8519E9179ADA53009542D9 /* keyboard_grid_bg.png in Resources */,
				9D8519EA179ADA53009542D9 /* keyboard_grid_bg@2x.png in Resources */,
				9D8519EB179ADA53009542D9 /* keyboard_popup.png in Resources */,
				9D8519EC179ADA53009542D9 /* keyboard_popup@2x.png in Resources */,
				9D8519EF179ADA53009542D9 /* keyboard_segment_normal.png in Resources */,
				9D8519F0179ADA53009542D9 /* keyboard_segment_normal@2x.png in Resources */,
				9D8519F1179ADA53009542D9 /* keyboard_segment_selected.png in Resources */,
				9D8519F2179ADA53009542D9 /* keyboard_segment_selected@2x.png in Resources */,
				9D8519F5179ADA53009542D9 /* keyboard_switch.png in Resources */,
				9D8519F6179ADA53009542D9 /* keyboard_switch@2x.png in Resources */,
				9D8519F7179ADA53009542D9 /* keyboard_switch_pressed.png in Resources */,
				9D8519F8179ADA53009542D9 /* keyboard_switch_pressed@2x.png in Resources */,
				9D8620B3179EC09000E0C429 /* applaud.png in Resources */,
				9D8620B4179EC09000E0C429 /* applaud@2x.png in Resources */,
				9D8620B5179EC09000E0C429 /* love.png in Resources */,
				9D8620B6179EC09000E0C429 /* love@2x.png in Resources */,
				9D8620B7179EC09000E0C429 /* weico.png in Resources */,
				9D8620B8179EC09000E0C429 /* weico@2x.png in Resources */,
				9D8620BA179EC1D900E0C429 /* EmotionTextKeys.plist in Resources */,
				9D8620BF179ECAEF00E0C429 /* keyboard_segment_normal_selected@2x.png in Resources */,
				9D8620C0179ECAEF00E0C429 /* keyboard_segment_normal_selected.png in Resources */,
				9D8620C1179ECAEF00E0C429 /* keyboard_segment_selected_normal@2x.png in Resources */,
				9D8620C2179ECAEF00E0C429 /* keyboard_segment_selected_normal.png in Resources */,
				9D8620CB179ED30F00E0C429 /* keyboard_emotion_selected@2x.png in Resources */,
				9D8620CC179ED30F00E0C429 /* keyboard_text.png in Resources */,
				9D8620CD179ED30F00E0C429 /* keyboard_text_selected.png in Resources */,
				9D8620CE179ED30F00E0C429 /* keyboard_text@2x.png in Resources */,
				9D8620CF179ED30F00E0C429 /* keyboard_text_selected@2x.png in Resources */,
				9D8620D0179ED30F00E0C429 /* keyboard_emotion_selected.png in Resources */,
				9D8620D1179ED30F00E0C429 /* keyboard_emotion.png in Resources */,
				9D8620D2179ED30F00E0C429 /* keyboard_emotion@2x.png in Resources */,
			);
			runOnlyForDeploymentPostprocessing = 0;
		};
/* End PBXResourcesBuildPhase section */

/* Begin PBXSourcesBuildPhase section */
		14CA43571A0EA091001E96BD /* Sources */ = {
			isa = PBXSourcesBuildPhase;
			buildActionMask = 2147483647;
			files = (
				140EE1A91A18D4CF0041395F /* SKActionEmoticonsKeyboardLayout.m in Sources */,
				14FE2CAA1A17B158005E0458 /* WUKeyboardPressedCellPopupView.m in Sources */,
				14E5073F1A176C2A00848535 /* SKEmoticonsKeyboardItemGroupView.m in Sources */,
				140EE1AC1A18DFF50041395F /* SKActionEmoticonsKeyboardCell.m in Sources */,
				14CA43991A0EA7DA001E96BD /* WUDemoKeyboardTextKeyCell.m in Sources */,
				14CA438C1A0EA7B5001E96BD /* WUEmoticonsKeyboardKeyCell.h in Sources */,
				14CA438D1A0EA7B5001E96BD /* WUEmoticonsKeyboardKeyCell.m in Sources */,
				14CA438F1A0EA7B5001E96BD /* WUEmoticonsKeyboardKeyItem.m in Sources */,
				14CA43911A0EA7B5001E96BD /* WUEmoticonsKeyboardKeyItemGroup.m in Sources */,
				14CA43931A0EA7B5001E96BD /* WUEmoticonsKeyboardKeyItemGroupView.m in Sources */,
				14CA43951A0EA7B5001E96BD /* WUEmoticonsKeyboardKeysPageFlowLayout.m in Sources */,
				14CA43971A0EA7B5001E96BD /* SKEmoticonsControlView.m in Sources */,
				14CA436A1A0EA091001E96BD /* SKAppDelegate.m in Sources */,
				14CA43701A0EA091001E96BD /* SKViewController.m in Sources */,
				14CA43661A0EA091001E96BD /* main.m in Sources */,
			);
			runOnlyForDeploymentPostprocessing = 0;
		};
		14CA43731A0EA091001E96BD /* Sources */ = {
			isa = PBXSourcesBuildPhase;
			buildActionMask = 2147483647;
			files = (
				14CA43851A0EA091001E96BD /* SKEmoticonsKeyboardDemoTests.m in Sources */,
			);
			runOnlyForDeploymentPostprocessing = 0;
		};
		9D85197E179ACFB8009542D9 /* Sources */ = {
			isa = PBXSourcesBuildPhase;
			buildActionMask = 2147483647;
			files = (
				9D851996179ACFB9009542D9 /* WUAppDelegate.m in Sources */,
				9D8519AA179ACFCB009542D9 /* WUDemoViewController.m in Sources */,
				9D8519BB179AD0F2009542D9 /* WUEmoticonsKeyboard.m in Sources */,
				9D8519BC179AD0F2009542D9 /* WUEmoticonsKeyboardKeyCell.m in Sources */,
				9D8519BD179AD0F2009542D9 /* WUEmoticonsKeyboardKeyItem.m in Sources */,
				9D8519BE179AD0F2009542D9 /* WUEmoticonsKeyboardKeyItemGroup.m in Sources */,
				9D8519BF179AD0F2009542D9 /* WUEmoticonsKeyboardKeyItemGroupView.m in Sources */,
				9D8519C0179AD0F2009542D9 /* WUEmoticonsKeyboardKeysPageFlowLayout.m in Sources */,
				9D8519C1179AD0F2009542D9 /* WUEmoticonsKeyboardToolsView.m in Sources */,
				9D8519C4179AD108009542D9 /* WUDemoKeyboardBuilder.m in Sources */,
				14FE2CA91A17AAB5005E0458 /* WUKeyboardPressedCellPopupView.m in Sources */,
				9D8519CA179AD337009542D9 /* WUDemoKeyboardTextKeyCell.m in Sources */,
			);
			runOnlyForDeploymentPostprocessing = 0;
		};
/* End PBXSourcesBuildPhase section */

/* Begin PBXTargetDependency section */
		14CA437D1A0EA091001E96BD /* PBXTargetDependency */ = {
			isa = PBXTargetDependency;
			target = 14CA435A1A0EA091001E96BD /* SKEmoticonsKeyboardDemo */;
			targetProxy = 14CA437C1A0EA091001E96BD /* PBXContainerItemProxy */;
		};
/* End PBXTargetDependency section */

/* Begin PBXVariantGroup section */
		14CA43621A0EA091001E96BD /* InfoPlist.strings */ = {
			isa = PBXVariantGroup;
			children = (
				14CA43631A0EA091001E96BD /* en */,
			);
			name = InfoPlist.strings;
			sourceTree = "<group>";
		};
		14CA436B1A0EA091001E96BD /* Main.storyboard */ = {
			isa = PBXVariantGroup;
			children = (
				14CA436C1A0EA091001E96BD /* Base */,
			);
			name = Main.storyboard;
			sourceTree = "<group>";
		};
		14CA43811A0EA091001E96BD /* InfoPlist.strings */ = {
			isa = PBXVariantGroup;
			children = (
				14CA43821A0EA091001E96BD /* en */,
			);
			name = InfoPlist.strings;
			sourceTree = "<group>";
		};
		9D85198E179ACFB9009542D9 /* InfoPlist.strings */ = {
			isa = PBXVariantGroup;
			children = (
				9D85198F179ACFB9009542D9 /* en */,
			);
			name = InfoPlist.strings;
			sourceTree = "<group>";
		};
		9D85199D179ACFB9009542D9 /* MainStoryboard.storyboard */ = {
			isa = PBXVariantGroup;
			children = (
				9D85199E179ACFB9009542D9 /* en */,
			);
			name = MainStoryboard.storyboard;
			sourceTree = "<group>";
		};
/* End PBXVariantGroup section */

/* Begin XCBuildConfiguration section */
		14CA43861A0EA091001E96BD /* Debug */ = {
			isa = XCBuildConfiguration;
			buildSettings = {
				ASSETCATALOG_COMPILER_APPICON_NAME = AppIcon;
				ASSETCATALOG_COMPILER_LAUNCHIMAGE_NAME = LaunchImage;
				CLANG_ENABLE_MODULES = YES;
				CLANG_WARN_BOOL_CONVERSION = YES;
				CLANG_WARN_DIRECT_OBJC_ISA_USAGE = YES_ERROR;
				CLANG_WARN_OBJC_ROOT_CLASS = YES_ERROR;
				GCC_PRECOMPILE_PREFIX_HEADER = YES;
				GCC_PREFIX_HEADER = "SKEmoticonsKeyboardDemo/SKEmoticonsKeyboardDemo-Prefix.pch";
				GCC_PREPROCESSOR_DEFINITIONS = (
					"DEBUG=1",
					"$(inherited)",
				);
				GCC_WARN_64_TO_32_BIT_CONVERSION = YES;
				GCC_WARN_ABOUT_RETURN_TYPE = YES_ERROR;
				GCC_WARN_UNDECLARED_SELECTOR = YES;
				GCC_WARN_UNINITIALIZED_AUTOS = YES_AGGRESSIVE;
				GCC_WARN_UNUSED_FUNCTION = YES;
				INFOPLIST_FILE = "SKEmoticonsKeyboardDemo/SKEmoticonsKeyboardDemo-Info.plist";
				IPHONEOS_DEPLOYMENT_TARGET = 7.1;
				PRODUCT_NAME = "$(TARGET_NAME)";
				WRAPPER_EXTENSION = app;
			};
			name = Debug;
		};
		14CA43871A0EA091001E96BD /* Release */ = {
			isa = XCBuildConfiguration;
			buildSettings = {
				ASSETCATALOG_COMPILER_APPICON_NAME = AppIcon;
				ASSETCATALOG_COMPILER_LAUNCHIMAGE_NAME = LaunchImage;
				CLANG_ENABLE_MODULES = YES;
				CLANG_WARN_BOOL_CONVERSION = YES;
				CLANG_WARN_DIRECT_OBJC_ISA_USAGE = YES_ERROR;
				CLANG_WARN_OBJC_ROOT_CLASS = YES_ERROR;
				ENABLE_NS_ASSERTIONS = NO;
				GCC_PRECOMPILE_PREFIX_HEADER = YES;
				GCC_PREFIX_HEADER = "SKEmoticonsKeyboardDemo/SKEmoticonsKeyboardDemo-Prefix.pch";
				GCC_WARN_64_TO_32_BIT_CONVERSION = YES;
				GCC_WARN_ABOUT_RETURN_TYPE = YES_ERROR;
				GCC_WARN_UNDECLARED_SELECTOR = YES;
				GCC_WARN_UNINITIALIZED_AUTOS = YES_AGGRESSIVE;
				GCC_WARN_UNUSED_FUNCTION = YES;
				INFOPLIST_FILE = "SKEmoticonsKeyboardDemo/SKEmoticonsKeyboardDemo-Info.plist";
				IPHONEOS_DEPLOYMENT_TARGET = 7.1;
				PRODUCT_NAME = "$(TARGET_NAME)";
				WRAPPER_EXTENSION = app;
			};
			name = Release;
		};
		14CA43881A0EA091001E96BD /* Debug */ = {
			isa = XCBuildConfiguration;
			buildSettings = {
				BUNDLE_LOADER = "$(BUILT_PRODUCTS_DIR)/WUEmoticonsKeyboardDemo.app/WUEmoticonsKeyboardDemo";
				CLANG_ENABLE_MODULES = YES;
				CLANG_WARN_BOOL_CONVERSION = YES;
				CLANG_WARN_DIRECT_OBJC_ISA_USAGE = YES_ERROR;
				CLANG_WARN_OBJC_ROOT_CLASS = YES_ERROR;
				FRAMEWORK_SEARCH_PATHS = (
					"$(SDKROOT)/Developer/Library/Frameworks",
					"$(inherited)",
					"$(DEVELOPER_FRAMEWORKS_DIR)",
				);
				GCC_PRECOMPILE_PREFIX_HEADER = YES;
				GCC_PREFIX_HEADER = "SKEmoticonsKeyboardDemo/SKEmoticonsKeyboardDemo-Prefix.pch";
				GCC_PREPROCESSOR_DEFINITIONS = (
					"DEBUG=1",
					"$(inherited)",
				);
				GCC_WARN_64_TO_32_BIT_CONVERSION = YES;
				GCC_WARN_ABOUT_RETURN_TYPE = YES_ERROR;
				GCC_WARN_UNDECLARED_SELECTOR = YES;
				GCC_WARN_UNINITIALIZED_AUTOS = YES_AGGRESSIVE;
				GCC_WARN_UNUSED_FUNCTION = YES;
				INFOPLIST_FILE = "SKEmoticonsKeyboardDemoTests/SKEmoticonsKeyboardDemoTests-Info.plist";
				IPHONEOS_DEPLOYMENT_TARGET = 7.1;
				PRODUCT_NAME = "$(TARGET_NAME)";
				TEST_HOST = "$(BUNDLE_LOADER)";
				WRAPPER_EXTENSION = xctest;
			};
			name = Debug;
		};
		14CA43891A0EA091001E96BD /* Release */ = {
			isa = XCBuildConfiguration;
			buildSettings = {
				BUNDLE_LOADER = "$(BUILT_PRODUCTS_DIR)/WUEmoticonsKeyboardDemo.app/WUEmoticonsKeyboardDemo";
				CLANG_ENABLE_MODULES = YES;
				CLANG_WARN_BOOL_CONVERSION = YES;
				CLANG_WARN_DIRECT_OBJC_ISA_USAGE = YES_ERROR;
				CLANG_WARN_OBJC_ROOT_CLASS = YES_ERROR;
				ENABLE_NS_ASSERTIONS = NO;
				FRAMEWORK_SEARCH_PATHS = (
					"$(SDKROOT)/Developer/Library/Frameworks",
					"$(inherited)",
					"$(DEVELOPER_FRAMEWORKS_DIR)",
				);
				GCC_PRECOMPILE_PREFIX_HEADER = YES;
				GCC_PREFIX_HEADER = "SKEmoticonsKeyboardDemo/SKEmoticonsKeyboardDemo-Prefix.pch";
				GCC_WARN_64_TO_32_BIT_CONVERSION = YES;
				GCC_WARN_ABOUT_RETURN_TYPE = YES_ERROR;
				GCC_WARN_UNDECLARED_SELECTOR = YES;
				GCC_WARN_UNINITIALIZED_AUTOS = YES_AGGRESSIVE;
				GCC_WARN_UNUSED_FUNCTION = YES;
				INFOPLIST_FILE = "SKEmoticonsKeyboardDemoTests/SKEmoticonsKeyboardDemoTests-Info.plist";
				IPHONEOS_DEPLOYMENT_TARGET = 7.1;
				PRODUCT_NAME = "$(TARGET_NAME)";
				TEST_HOST = "$(BUNDLE_LOADER)";
				WRAPPER_EXTENSION = xctest;
			};
			name = Release;
		};
		9D8519A3179ACFB9009542D9 /* Debug */ = {
			isa = XCBuildConfiguration;
			buildSettings = {
				ALWAYS_SEARCH_USER_PATHS = NO;
				CLANG_CXX_LANGUAGE_STANDARD = "gnu++0x";
				CLANG_CXX_LIBRARY = "libc++";
				CLANG_ENABLE_OBJC_ARC = YES;
				CLANG_WARN_CONSTANT_CONVERSION = YES;
				CLANG_WARN_EMPTY_BODY = YES;
				CLANG_WARN_ENUM_CONVERSION = YES;
				CLANG_WARN_INT_CONVERSION = YES;
				CLANG_WARN__DUPLICATE_METHOD_MATCH = YES;
				"CODE_SIGN_IDENTITY[sdk=iphoneos*]" = "iPhone Developer";
				COPY_PHASE_STRIP = NO;
				GCC_C_LANGUAGE_STANDARD = gnu99;
				GCC_DYNAMIC_NO_PIC = NO;
				GCC_OPTIMIZATION_LEVEL = 0;
				GCC_PREPROCESSOR_DEFINITIONS = (
					"DEBUG=1",
					"$(inherited)",
				);
				GCC_SYMBOLS_PRIVATE_EXTERN = NO;
				GCC_WARN_ABOUT_RETURN_TYPE = YES;
				GCC_WARN_UNINITIALIZED_AUTOS = YES;
				GCC_WARN_UNUSED_VARIABLE = YES;
				IPHONEOS_DEPLOYMENT_TARGET = 6.1;
				ONLY_ACTIVE_ARCH = YES;
				SDKROOT = iphoneos;
			};
			name = Debug;
		};
		9D8519A4179ACFB9009542D9 /* Release */ = {
			isa = XCBuildConfiguration;
			buildSettings = {
				ALWAYS_SEARCH_USER_PATHS = NO;
				CLANG_CXX_LANGUAGE_STANDARD = "gnu++0x";
				CLANG_CXX_LIBRARY = "libc++";
				CLANG_ENABLE_OBJC_ARC = YES;
				CLANG_WARN_CONSTANT_CONVERSION = YES;
				CLANG_WARN_EMPTY_BODY = YES;
				CLANG_WARN_ENUM_CONVERSION = YES;
				CLANG_WARN_INT_CONVERSION = YES;
				CLANG_WARN__DUPLICATE_METHOD_MATCH = YES;
				"CODE_SIGN_IDENTITY[sdk=iphoneos*]" = "iPhone Developer";
				COPY_PHASE_STRIP = YES;
				GCC_C_LANGUAGE_STANDARD = gnu99;
				GCC_WARN_ABOUT_RETURN_TYPE = YES;
				GCC_WARN_UNINITIALIZED_AUTOS = YES;
				GCC_WARN_UNUSED_VARIABLE = YES;
				IPHONEOS_DEPLOYMENT_TARGET = 6.1;
				OTHER_CFLAGS = "-DNS_BLOCK_ASSERTIONS=1";
				SDKROOT = iphoneos;
				VALIDATE_PRODUCT = YES;
			};
			name = Release;
		};
		9D8519A6179ACFB9009542D9 /* Debug */ = {
			isa = XCBuildConfiguration;
			buildSettings = {
				GCC_PRECOMPILE_PREFIX_HEADER = YES;
				GCC_PREFIX_HEADER = "WUEmoticonsKeyboardDemo/WUEmoticonsKeyboardDemo-Prefix.pch";
				INFOPLIST_FILE = "WUEmoticonsKeyboardDemo/WUEmoticonsKeyboardDemo-Info.plist";
				PRODUCT_NAME = "$(TARGET_NAME)";
				WRAPPER_EXTENSION = app;
			};
			name = Debug;
		};
		9D8519A7179ACFB9009542D9 /* Release */ = {
			isa = XCBuildConfiguration;
			buildSettings = {
				GCC_PRECOMPILE_PREFIX_HEADER = YES;
				GCC_PREFIX_HEADER = "WUEmoticonsKeyboardDemo/WUEmoticonsKeyboardDemo-Prefix.pch";
				INFOPLIST_FILE = "WUEmoticonsKeyboardDemo/WUEmoticonsKeyboardDemo-Info.plist";
				PRODUCT_NAME = "$(TARGET_NAME)";
				WRAPPER_EXTENSION = app;
			};
			name = Release;
		};
/* End XCBuildConfiguration section */

/* Begin XCConfigurationList section */
		14CA438A1A0EA091001E96BD /* Build configuration list for PBXNativeTarget "SKEmoticonsKeyboardDemo" */ = {
			isa = XCConfigurationList;
			buildConfigurations = (
				14CA43861A0EA091001E96BD /* Debug */,
				14CA43871A0EA091001E96BD /* Release */,
			);
			defaultConfigurationIsVisible = 0;
			defaultConfigurationName = Release;
		};
		14CA438B1A0EA091001E96BD /* Build configuration list for PBXNativeTarget "SKEmoticonsKeyboardDemoTests" */ = {
			isa = XCConfigurationList;
			buildConfigurations = (
				14CA43881A0EA091001E96BD /* Debug */,
				14CA43891A0EA091001E96BD /* Release */,
			);
			defaultConfigurationIsVisible = 0;
			defaultConfigurationName = Release;
		};
		9D85197D179ACFB8009542D9 /* Build configuration list for PBXProject "WUEmoticonsKeyboardDemo" */ = {
			isa = XCConfigurationList;
			buildConfigurations = (
				9D8519A3179ACFB9009542D9 /* Debug */,
				9D8519A4179ACFB9009542D9 /* Release */,
			);
			defaultConfigurationIsVisible = 0;
			defaultConfigurationName = Release;
		};
		9D8519A5179ACFB9009542D9 /* Build configuration list for PBXNativeTarget "WUEmoticonsKeyboardDemo" */ = {
			isa = XCConfigurationList;
			buildConfigurations = (
				9D8519A6179ACFB9009542D9 /* Debug */,
				9D8519A7179ACFB9009542D9 /* Release */,
			);
			defaultConfigurationIsVisible = 0;
			defaultConfigurationName = Release;
		};
/* End XCConfigurationList section */
	};
	rootObject = 9D85197A179ACFB8009542D9 /* Project object */;
}
